
Microsoft Visual Studio Solution File, Format Version 12.00
# Visual Studio Version 17
VisualStudioVersion = 17.12.35527.113
MinimumVisualStudioVersion = 10.0.40219.1
Project("{8BC9CEB8-8B4A-11D0-8D11-00A0C91BC942}") = "Cuda Lab 3", "Cuda Lab 3\Cuda Lab 3.vcxproj", "{BC9D85F5-6A2D-4B8C-A975-B8D8D3D5E061}"
EndProject
Project("{8BC9CEB8-8B4A-11D0-8D11-00A0C91BC942}") = "Cuda Lab Exercise 2", "Cuda Lab Exercise 2\Cuda Lab Exercise 2.vcxproj", "{75E31D9E-3737-4358-B3E5-1E8D486320E6}"
EndProject
Project("{8BC9CEB8-8B4A-11D0-8D11-00A0C91BC942}") = "Cuda Lab Exercise 2.2", "Cuda Lab Exercise 2.2\Cuda Lab Exercise 2.2.vcxproj", "{3768D5AA-14CA-434C-A5C2-F874BE42008D}"
EndProject
Global
	GlobalSection(SolutionConfigurationPlatforms) = preSolution
		Debug|x64 = Debug|x64
		Release|x64 = Release|x64
	EndGlobalSection
	GlobalSection(ProjectConfigurationPlatforms) = postSolution
		{BC9D85F5-6A2D-4B8C-A975-B8D8D3D5E061}.Debug|x64.ActiveCfg = Debug|x64
		{BC9D85F5-6A2D-4B8C-A975-B8D8D3D5E061}.Debug|x64.Build.0 = Debug|x64
		{BC9D85F5-6A2D-4B8C-A975-B8D8D3D5E061}.Release|x64.ActiveCfg = Release|x64
		{BC9D85F5-6A2D-4B8C-A975-B8D8D3D5E061}.Release|x64.Build.0 = Release|x64
		{75E31D9E-3737-4358-B3E5-1E8D486320E6}.Debug|x64.ActiveCfg = Debug|x64
		{75E31D9E-3737-4358-B3E5-1E8D486320E6}.Debug|x64.Build.0 = Debug|x64
		{75E31D9E-3737-4358-B3E5-1E8D486320E6}.Release|x64.ActiveCfg = Release|x64
		{75E31D9E-3737-4358-B3E5-1E8D486320E6}.Release|x64.Build.0 = Release|x64
		{3768D5AA-14CA-434C-A5C2-F874BE42008D}.Debug|x64.ActiveCfg = Debug|x64
		{3768D5AA-14CA-434C-A5C2-F874BE42008D}.Debug|x64.Build.0 = Debug|x64
		{3768D5AA-14CA-434C-A5C2-F874BE42008D}.Release|x64.ActiveCfg = Release|x64
		{3768D5AA-14CA-434C-A5C2-F874BE42008D}.Release|x64.Build.0 = Release|x64
	EndGlobalSection
	GlobalSection(SolutionProperties) = preSolution
		HideSolutionNode = FALSE
	EndGlobalSection
EndGlobal
